
Microsoft Visual Studio Solution File, Format Version 12.00
# Visual Studio Version 17
VisualStudioVersion = 17.2.32505.173
MinimumVisualStudioVersion = 10.0.40219.1
Project("{FAE04EC0-301F-11D3-BF4B-00C04F79EFBC}") = "MinimalApiJWT", "MinimalApiJWT\MinimalApiJWT.csproj", "{D41A1D6E-4ABE-41C3-A398-433373844F34}"
EndProject
Global
	GlobalSection(SolutionConfigurationPlatforms) = preSolution
		Debug|Any CPU = Debug|Any CPU
		Release|Any CPU = Release|Any CPU
	EndGlobalSection
	GlobalSection(ProjectConfigurationPlatforms) = postSolution
		{D41A1D6E-4ABE-41C3-A398-433373844F34}.Debug|Any CPU.ActiveCfg = Debug|Any CPU
		{D41A1D6E-4ABE-41C3-A398-433373844F34}.Debug|Any CPU.Build.0 = Debug|Any CPU
		{D41A1D6E-4ABE-41C3-A398-433373844F34}.Release|Any CPU.ActiveCfg = Release|Any CPU
		{D41A1D6E-4ABE-41C3-A398-433373844F34}.Release|Any CPU.Build.0 = Release|Any CPU
	EndGlobalSection
	GlobalSection(SolutionProperties) = preSolution
		HideSolutionNode = FALSE
	EndGlobalSection
	GlobalSection(ExtensibilityGlobals) = postSolution
		SolutionGuid = {0171E685-8FE9-4773-930F-E2CE075923CF}
	EndGlobalSection
EndGlobal
